
Microsoft Visual Studio Solution File, Format Version 12.00
# Visual Studio Version 16
VisualStudioVersion = 16.0.29306.81
MinimumVisualStudioVersion = 10.0.40219.1
Project("{FAE04EC0-301F-11D3-BF4B-00C04F79EFBC}") = "library System", "library System.csproj", "{B64F5E5E-166F-4CFD-BC88-ADE620210D1F}"
EndProject
Global
	GlobalSection(SolutionConfigurationPlatforms) = preSolution
		Debug|Any CPU = Debug|Any CPU
		Release|Any CPU = Release|Any CPU
	EndGlobalSection
	GlobalSection(ProjectConfigurationPlatforms) = postSolution
		{B64F5E5E-166F-4CFD-BC88-ADE620210D1F}.Debug|Any CPU.ActiveCfg = Debug|Any CPU
		{B64F5E5E-166F-4CFD-BC88-ADE620210D1F}.Debug|Any CPU.Build.0 = Debug|Any CPU
		{B64F5E5E-166F-4CFD-BC88-ADE620210D1F}.Release|Any CPU.ActiveCfg = Release|Any CPU
		{B64F5E5E-166F-4CFD-BC88-ADE620210D1F}.Release|Any CPU.Build.0 = Release|Any CPU
	EndGlobalSection
	GlobalSection(SolutionProperties) = preSolution
		HideSolutionNode = FALSE
	EndGlobalSection
	GlobalSection(ExtensibilityGlobals) = postSolution
		SolutionGuid = {A0AB079D-430C-4BA0-939D-1A799D65D893}
	EndGlobalSection
EndGlobal
